// !$*UTF8*$!
{
	archiveVersion = 1;
	classes = {
	};
	objectVersion = 55;
	objects = {

/* Begin PBXBuildFile section */
		721F14A4275933BE00F8DE4D /* main.c in Sources */ = {isa = PBXBuildFile; fileRef = 721F14A3275933BE00F8DE4D /* main.c */; };
/* End PBXBuildFile section */

/* Begin PBXCopyFilesBuildPhase section */
		721F149E275933BE00F8DE4D /* CopyFiles */ = {
			isa = PBXCopyFilesBuildPhase;
			buildActionMask = 2147483647;
			dstPath = /usr/share/man/man1/;
			dstSubfolderSpec = 0;
			files = (
			);
			runOnlyForDeploymentPostprocessing = 1;
		};
/* End PBXCopyFilesBuildPhase section */

/* Begin PBXFileReference section */
		721F14A0275933BE00F8DE4D /* RSA keygen, encryption, decryption */ = {isa = PBXFileReference; explicitFileType = "compiled.mach-o.executable"; includeInIndex = 0; path = "RSA keygen, encryption, decryption"; sourceTree = BUILT_PRODUCTS_DIR; };
		721F14A3275933BE00F8DE4D /* main.c */ = {isa = PBXFileReference; lastKnownFileType = sourcecode.c.c; path = main.c; sourceTree = "<group>"; };
		721F14B62759F57400F8DE4D /* README.md */ = {isa = PBXFileReference; lastKnownFileType = net.daringfireball.markdown; path = README.md; sourceTree = "<group>"; };
		72617770275AD0BC009237F8 /* rsa.c */ = {isa = PBXFileReference; lastKnownFileType = sourcecode.c.c; name = rsa.c; path = "../../genkey-v1/rsa.c"; sourceTree = "<group>"; };
		72617771275AD361009237F8 /* rsa.pub */ = {isa = PBXFileReference; lastKnownFileType = text; name = rsa.pub; path = "../../genkey-v1/rsa.pub"; sourceTree = "<group>"; };
		72617772275AD3E2009237F8 /* rsa.pub */ = {isa = PBXFileReference; lastKnownFileType = text; path = rsa.pub; sourceTree = "<group>"; };
/* End PBXFileReference section */

/* Begin PBXFrameworksBuildPhase section */
		721F149D275933BE00F8DE4D /* Frameworks */ = {
			isa = PBXFrameworksBuildPhase;
			buildActionMask = 2147483647;
			files = (
			);
			runOnlyForDeploymentPostprocessing = 0;
		};
/* End PBXFrameworksBuildPhase section */

/* Begin PBXGroup section */
		721F1497275933BE00F8DE4D = {
			isa = PBXGroup;
			children = (
				72617771275AD361009237F8 /* rsa.pub */,
				72617770275AD0BC009237F8 /* rsa.c */,
				721F14B62759F57400F8DE4D /* README.md */,
				721F14A2275933BE00F8DE4D /* RSA keygen, encryption, decryption */,
				721F14A1275933BE00F8DE4D /* Products */,
			);
			sourceTree = "<group>";
		};
		721F14A1275933BE00F8DE4D /* Products */ = {
			isa = PBXGroup;
			children = (
				721F14A0275933BE00F8DE4D /* RSA keygen, encryption, decryption */,
			);
			name = Products;
			sourceTree = "<group>";
		};
		721F14A2275933BE00F8DE4D /* RSA keygen, encryption, decryption */ = {
			isa = PBXGroup;
			children = (
				721F14A3275933BE00F8DE4D /* main.c */,
				72617772275AD3E2009237F8 /* rsa.pub */,
			);
			path = "RSA keygen, encryption, decryption";
			sourceTree = "<group>";
		};
/* End PBXGroup section */

/* Begin PBXNativeTarget section */
		721F149F275933BE00F8DE4D /* RSA keygen, encryption, decryption */ = {
			isa = PBXNativeTarget;
			buildConfigurationList = 721F14A7275933BE00F8DE4D /* Build configuration list for PBXNativeTarget "RSA keygen, encryption, decryption" */;
			buildPhases = (
				721F149C275933BE00F8DE4D /* Sources */,
				721F149D275933BE00F8DE4D /* Frameworks */,
				721F149E275933BE00F8DE4D /* CopyFiles */,
			);
			buildRules = (
			);
			dependencies = (
			);
			name = "RSA keygen, encryption, decryption";
			productName = "RSA keygen, encryption, decryption";
			productReference = 721F14A0275933BE00F8DE4D /* RSA keygen, encryption, decryption */;
			productType = "com.apple.product-type.tool";
		};
/* End PBXNativeTarget section */

/* Begin PBXProject section */
		721F1498275933BE00F8DE4D /* Project object */ = {
			isa = PBXProject;
			attributes = {
				BuildIndependentTargetsInParallel = 1;
				LastUpgradeCheck = 1310;
				TargetAttributes = {
					721F149F275933BE00F8DE4D = {
						CreatedOnToolsVersion = 13.1;
					};
				};
			};
			buildConfigurationList = 721F149B275933BE00F8DE4D /* Build configuration list for PBXProject "RSA keygen, encryption, decryption" */;
			compatibilityVersion = "Xcode 13.0";
			developmentRegion = en;
			hasScannedForEncodings = 0;
			knownRegions = (
				en,
				Base,
			);
			mainGroup = 721F1497275933BE00F8DE4D;
			productRefGroup = 721F14A1275933BE00F8DE4D /* Products */;
			projectDirPath = "";
			projectRoot = "";
			targets = (
				721F149F275933BE00F8DE4D /* RSA keygen, encryption, decryption */,
			);
		};
/* End PBXProject section */

/* Begin PBXSourcesBuildPhase section */
		721F149C275933BE00F8DE4D /* Sources */ = {
			isa = PBXSourcesBuildPhase;
			buildActionMask = 2147483647;
			files = (
				721F14A4275933BE00F8DE4D /* main.c in Sources */,
			);
			runOnlyForDeploymentPostprocessing = 0;
		};
/* End PBXSourcesBuildPhase section */

/* Begin XCBuildConfiguration section */
		721F14A5275933BE00F8DE4D /* Debug */ = {
			isa = XCBuildConfiguration;
			buildSettings = {
				ALWAYS_SEARCH_USER_PATHS = NO;
				CLANG_ANALYZER_NONNULL = YES;
				CLANG_ANALYZER_NUMBER_OBJECT_CONVERSION = YES_AGGRESSIVE;
				CLANG_CXX_LANGUAGE_STANDARD = "gnu++17";
				CLANG_CXX_LIBRARY = "libc++";
				CLANG_ENABLE_MODULES = YES;
				CLANG_ENABLE_OBJC_ARC = YES;
				CLANG_ENABLE_OBJC_WEAK = YES;
				CLANG_WARN_BLOCK_CAPTURE_AUTORELEASING = YES;
				CLANG_WARN_BOOL_CONVERSION = YES;
				CLANG_WARN_COMMA = YES;
				CLANG_WARN_CONSTANT_CONVERSION = YES;
				CLANG_WARN_DEPRECATED_OBJC_IMPLEMENTATIONS = YES;
				CLANG_WARN_DIRECT_OBJC_ISA_USAGE = YES_ERROR;
				CLANG_WARN_DOCUMENTATION_COMMENTS = YES;
				CLANG_WARN_EMPTY_BODY = YES;
				CLANG_WARN_ENUM_CONVERSION = YES;
				CLANG_WARN_INFINITE_RECURSION = YES;
				CLANG_WARN_INT_CONVERSION = YES;
				CLANG_WARN_NON_LITERAL_NULL_CONVERSION = YES;
				CLANG_WARN_OBJC_IMPLICIT_RETAIN_SELF = YES;
				CLANG_WARN_OBJC_LITERAL_CONVERSION = YES;
				CLANG_WARN_OBJC_ROOT_CLASS = YES_ERROR;
				CLANG_WARN_QUOTED_INCLUDE_IN_FRAMEWORK_HEADER = YES;
				CLANG_WARN_RANGE_LOOP_ANALYSIS = YES;
				CLANG_WARN_STRICT_PROTOTYPES = YES;
				CLANG_WARN_SUSPICIOUS_MOVE = YES;
				CLANG_WARN_UNGUARDED_AVAILABILITY = YES_AGGRESSIVE;
				CLANG_WARN_UNREACHABLE_CODE = YES;
				CLANG_WARN__DUPLICATE_METHOD_MATCH = YES;
				COPY_PHASE_STRIP = NO;
				DEBUG_INFORMATION_FORMAT = dwarf;
				ENABLE_STRICT_OBJC_MSGSEND = YES;
				ENABLE_TESTABILITY = YES;
				GCC_C_LANGUAGE_STANDARD = gnu11;
				GCC_DYNAMIC_NO_PIC = NO;
				GCC_NO_COMMON_BLOCKS = YES;
				GCC_OPTIMIZATION_LEVEL = 0;
				GCC_PREPROCESSOR_DEFINITIONS = (
					"DEBUG=1",
					"$(inherited)",
				);
				GCC_WARN_64_TO_32_BIT_CONVERSION = YES;
				GCC_WARN_ABOUT_RETURN_TYPE = YES_ERROR;
				GCC_WARN_UNDECLARED_SELECTOR = YES;
				GCC_WARN_UNINITIALIZED_AUTOS = YES_AGGRESSIVE;
				GCC_WARN_UNUSED_FUNCTION = YES;
				GCC_WARN_UNUSED_VARIABLE = YES;
				MACOSX_DEPLOYMENT_TARGET = 12.0;
				MTL_ENABLE_DEBUG_INFO = INCLUDE_SOURCE;
				MTL_FAST_MATH = YES;
				ONLY_ACTIVE_ARCH = YES;
				SDKROOT = macosx;
			};
			name = Debug;
		};
		721F14A6275933BE00F8DE4D /* Release */ = {
			isa = XCBuildConfiguration;
			buildSettings = {
				ALWAYS_SEARCH_USER_PATHS = NO;
				CLANG_ANALYZER_NONNULL = YES;
				CLANG_ANALYZER_NUMBER_OBJECT_CONVERSION = YES_AGGRESSIVE;
				CLANG_CXX_LANGUAGE_STANDARD = "gnu++17";
				CLANG_CXX_LIBRARY = "libc++";
				CLANG_ENABLE_MODULES = YES;
				CLANG_ENABLE_OBJC_ARC = YES;
				CLANG_ENABLE_OBJC_WEAK = YES;
				CLANG_WARN_BLOCK_CAPTURE_AUTORELEASING = YES;
				CLANG_WARN_BOOL_CONVERSION = YES;
				CLANG_WARN_COMMA = YES;
				CLANG_WARN_CONSTANT_CONVERSION = YES;
				CLANG_WARN_DEPRECATED_OBJC_IMPLEMENTATIONS = YES;
				CLANG_WARN_DIRECT_OBJC_ISA_USAGE = YES_ERROR;
				CLANG_WARN_DOCUMENTATION_COMMENTS = YES;
				CLANG_WARN_EMPTY_BODY = YES;
				CLANG_WARN_ENUM_CONVERSION = YES;
				CLANG_WARN_INFINITE_RECURSION = YES;
				CLANG_WARN_INT_CONVERSION = YES;
				CLANG_WARN_NON_LITERAL_NULL_CONVERSION = YES;
				CLANG_WARN_OBJC_IMPLICIT_RETAIN_SELF = YES;
				CLANG_WARN_OBJC_LITERAL_CONVERSION = YES;
				CLANG_WARN_OBJC_ROOT_CLASS = YES_ERROR;
				CLANG_WARN_QUOTED_INCLUDE_IN_FRAMEWORK_HEADER = YES;
				CLANG_WARN_RANGE_LOOP_ANALYSIS = YES;
				CLANG_WARN_STRICT_PROTOTYPES = YES;
				CLANG_WARN_SUSPICIOUS_MOVE = YES;
				CLANG_WARN_UNGUARDED_AVAILABILITY = YES_AGGRESSIVE;
				CLANG_WARN_UNREACHABLE_CODE = YES;
				CLANG_WARN__DUPLICATE_METHOD_MATCH = YES;
				COPY_PHASE_STRIP = NO;
				DEBUG_INFORMATION_FORMAT = "dwarf-with-dsym";
				ENABLE_NS_ASSERTIONS = NO;
				ENABLE_STRICT_OBJC_MSGSEND = YES;
				GCC_C_LANGUAGE_STANDARD = gnu11;
				GCC_NO_COMMON_BLOCKS = YES;
				GCC_WARN_64_TO_32_BIT_CONVERSION = YES;
				GCC_WARN_ABOUT_RETURN_TYPE = YES_ERROR;
				GCC_WARN_UNDECLARED_SELECTOR = YES;
				GCC_WARN_UNINITIALIZED_AUTOS = YES_AGGRESSIVE;
				GCC_WARN_UNUSED_FUNCTION = YES;
				GCC_WARN_UNUSED_VARIABLE = YES;
				MACOSX_DEPLOYMENT_TARGET = 12.0;
				MTL_ENABLE_DEBUG_INFO = NO;
				MTL_FAST_MATH = YES;
				SDKROOT = macosx;
			};
			name = Release;
		};
		721F14A8275933BE00F8DE4D /* Debug */ = {
			isa = XCBuildConfiguration;
			buildSettings = {
				CODE_SIGN_STYLE = Automatic;
				"OTHER_CFLAGS[arch=*]" = "";
				PRODUCT_NAME = "$(TARGET_NAME)";
				"WARNING_CFLAGS[arch=*]" = "";
			};
			name = Debug;
		};
		721F14A9275933BE00F8DE4D /* Release */ = {
			isa = XCBuildConfiguration;
			buildSettings = {
				CODE_SIGN_STYLE = Automatic;
				PRODUCT_NAME = "$(TARGET_NAME)";
			};
			name = Release;
		};
/* End XCBuildConfiguration section */

/* Begin XCConfigurationList section */
		721F149B275933BE00F8DE4D /* Build configuration list for PBXProject "RSA keygen, encryption, decryption" */ = {
			isa = XCConfigurationList;
			buildConfigurations = (
				721F14A5275933BE00F8DE4D /* Debug */,
				721F14A6275933BE00F8DE4D /* Release */,
			);
			defaultConfigurationIsVisible = 0;
			defaultConfigurationName = Release;
		};
		721F14A7275933BE00F8DE4D /* Build configuration list for PBXNativeTarget "RSA keygen, encryption, decryption" */ = {
			isa = XCConfigurationList;
			buildConfigurations = (
				721F14A8275933BE00F8DE4D /* Debug */,
				721F14A9275933BE00F8DE4D /* Release */,
			);
			defaultConfigurationIsVisible = 0;
			defaultConfigurationName = Release;
		};
/* End XCConfigurationList section */
	};
	rootObject = 721F1498275933BE00F8DE4D /* Project object */;
}
